PODS:
  - Alamofire (5.4.1)
  - Kingfisher (7.2.2)
  - Moya (14.0.0):
    - Moya/Core (= 14.0.0)
  - Moya/Core (14.0.0):
    - Alamofire (~> 5.0)
  - TinyConstraints (4.0.2)

DEPENDENCIES:
  - Alamofire
  - Kingfisher
  - Moya
  - TinyConstraints

SPEC REPOS:
  trunk:
    - Alamofire
    - Kingfisher
    - Moya
    - TinyConstraints

SPEC CHECKSUMS:
  Alamofire: 2291f7d21ca607c491dd17642e5d40fdcda0e65c
  Kingfisher: 184d4d1a8c36666e663caf8e08abe87898595c53
  Moya: 5b45dacb75adb009f97fde91c204c1e565d31916
  TinyConstraints: 7b7ccc0c485bb3bb47082138ff28bc33cd49897f

PODFILE CHECKSUM: f94f22e42574741e65680c47f971ba734f1a34fa

COCOAPODS: 1.11.2
