// !$*UTF8*$!
{
	archiveVersion = 1;
	classes = {
	};
	objectVersion = 55;
	objects = {

/* Begin PBXBuildFile section */
		E1C6A0B47F33C0A2EF4340F0 /* Pods_TechnicalTask.framework in Frameworks */ = {isa = PBXBuildFile; fileRef = B2D05556B84618DFC1FCCA2E /* Pods_TechnicalTask.framework */; };
		F3101B7A2935051300F8B868 /* AppDelegate.swift in Sources */ = {isa = PBXBuildFile; fileRef = F3101B792935051300F8B868 /* AppDelegate.swift */; };
		F3101B7C2935051300F8B868 /* SceneDelegate.swift in Sources */ = {isa = PBXBuildFile; fileRef = F3101B7B2935051300F8B868 /* SceneDelegate.swift */; };
		F3101B7E2935051300F8B868 /* MainView.swift in Sources */ = {isa = PBXBuildFile; fileRef = F3101B7D2935051300F8B868 /* MainView.swift */; };
		F3101B832935051500F8B868 /* Assets.xcassets in Resources */ = {isa = PBXBuildFile; fileRef = F3101B822935051500F8B868 /* Assets.xcassets */; };
		F3101B862935051500F8B868 /* LaunchScreen.storyboard in Resources */ = {isa = PBXBuildFile; fileRef = F3101B842935051500F8B868 /* LaunchScreen.storyboard */; };
		F3158C102936032500D07BF4 /* SelectCityCell.swift in Sources */ = {isa = PBXBuildFile; fileRef = F3158C0F2936032500D07BF4 /* SelectCityCell.swift */; };
		F363C5AF2935E9D60027C53D /* SelectCityPresenter.swift in Sources */ = {isa = PBXBuildFile; fileRef = F363C5AE2935E9D60027C53D /* SelectCityPresenter.swift */; };
		F36E02962935D62E00C6F01D /* SelectCityView.swift in Sources */ = {isa = PBXBuildFile; fileRef = F36E02952935D62E00C6F01D /* SelectCityView.swift */; };
		F3859E87293510A500E40773 /* SettingsView.swift in Sources */ = {isa = PBXBuildFile; fileRef = F3859E86293510A500E40773 /* SettingsView.swift */; };
		F3859E892935163D00E40773 /* SettingsPresenter.swift in Sources */ = {isa = PBXBuildFile; fileRef = F3859E882935163D00E40773 /* SettingsPresenter.swift */; };
		F3859E8C29351A6500E40773 /* LocalMemoryHelper.swift in Sources */ = {isa = PBXBuildFile; fileRef = F3859E8B29351A6500E40773 /* LocalMemoryHelper.swift */; };
		F3859E8E293524ED00E40773 /* cities.json in Resources */ = {isa = PBXBuildFile; fileRef = F3859E8D293524ED00E40773 /* cities.json */; };
		F3859E90293526DC00E40773 /* MainPresenter.swift in Sources */ = {isa = PBXBuildFile; fileRef = F3859E8F293526DC00E40773 /* MainPresenter.swift */; };
/* End PBXBuildFile section */

/* Begin PBXFileReference section */
		1FE7EEDC4186505E742B6354 /* Pods-TechnicalTask.debug.xcconfig */ = {isa = PBXFileReference; includeInIndex = 1; lastKnownFileType = text.xcconfig; name = "Pods-TechnicalTask.debug.xcconfig"; path = "Target Support Files/Pods-TechnicalTask/Pods-TechnicalTask.debug.xcconfig"; sourceTree = "<group>"; };
		B2D05556B84618DFC1FCCA2E /* Pods_TechnicalTask.framework */ = {isa = PBXFileReference; explicitFileType = wrapper.framework; includeInIndex = 0; path = Pods_TechnicalTask.framework; sourceTree = BUILT_PRODUCTS_DIR; };
		E018A79CCCD1F5502A0813E1 /* Pods-TechnicalTask.release.xcconfig */ = {isa = PBXFileReference; includeInIndex = 1; lastKnownFileType = text.xcconfig; name = "Pods-TechnicalTask.release.xcconfig"; path = "Target Support Files/Pods-TechnicalTask/Pods-TechnicalTask.release.xcconfig"; sourceTree = "<group>"; };
		F3101B762935051300F8B868 /* TechnicalTask.app */ = {isa = PBXFileReference; explicitFileType = wrapper.application; includeInIndex = 0; path = TechnicalTask.app; sourceTree = BUILT_PRODUCTS_DIR; };
		F3101B792935051300F8B868 /* AppDelegate.swift */ = {isa = PBXFileReference; lastKnownFileType = sourcecode.swift; path = AppDelegate.swift; sourceTree = "<group>"; };
		F3101B7B2935051300F8B868 /* SceneDelegate.swift */ = {isa = PBXFileReference; lastKnownFileType = sourcecode.swift; path = SceneDelegate.swift; sourceTree = "<group>"; };
		F3101B7D2935051300F8B868 /* MainView.swift */ = {isa = PBXFileReference; lastKnownFileType = sourcecode.swift; path = MainView.swift; sourceTree = "<group>"; };
		F3101B822935051500F8B868 /* Assets.xcassets */ = {isa = PBXFileReference; lastKnownFileType = folder.assetcatalog; path = Assets.xcassets; sourceTree = "<group>"; };
		F3101B852935051500F8B868 /* Base */ = {isa = PBXFileReference; lastKnownFileType = file.storyboard; name = Base; path = Base.lproj/LaunchScreen.storyboard; sourceTree = "<group>"; };
		F3101B872935051500F8B868 /* Info.plist */ = {isa = PBXFileReference; lastKnownFileType = text.plist.xml; path = Info.plist; sourceTree = "<group>"; };
		F3158C0F2936032500D07BF4 /* SelectCityCell.swift */ = {isa = PBXFileReference; lastKnownFileType = sourcecode.swift; path = SelectCityCell.swift; sourceTree = "<group>"; };
		F363C5AE2935E9D60027C53D /* SelectCityPresenter.swift */ = {isa = PBXFileReference; lastKnownFileType = sourcecode.swift; path = SelectCityPresenter.swift; sourceTree = "<group>"; };
		F36E02952935D62E00C6F01D /* SelectCityView.swift */ = {isa = PBXFileReference; lastKnownFileType = sourcecode.swift; path = SelectCityView.swift; sourceTree = "<group>"; };
		F3859E86293510A500E40773 /* SettingsView.swift */ = {isa = PBXFileReference; lastKnownFileType = sourcecode.swift; path = SettingsView.swift; sourceTree = "<group>"; };
		F3859E882935163D00E40773 /* SettingsPresenter.swift */ = {isa = PBXFileReference; lastKnownFileType = sourcecode.swift; path = SettingsPresenter.swift; sourceTree = "<group>"; };
		F3859E8B29351A6500E40773 /* LocalMemoryHelper.swift */ = {isa = PBXFileReference; lastKnownFileType = sourcecode.swift; path = LocalMemoryHelper.swift; sourceTree = "<group>"; };
		F3859E8D293524ED00E40773 /* cities.json */ = {isa = PBXFileReference; fileEncoding = 4; lastKnownFileType = text.json; path = cities.json; sourceTree = "<group>"; };
		F3859E8F293526DC00E40773 /* MainPresenter.swift */ = {isa = PBXFileReference; lastKnownFileType = sourcecode.swift; path = MainPresenter.swift; sourceTree = "<group>"; };
/* End PBXFileReference section */

/* Begin PBXFrameworksBuildPhase section */
		F3101B732935051300F8B868 /* Frameworks */ = {
			isa = PBXFrameworksBuildPhase;
			buildActionMask = 2147483647;
			files = (
				E1C6A0B47F33C0A2EF4340F0 /* Pods_TechnicalTask.framework in Frameworks */,
			);
			runOnlyForDeploymentPostprocessing = 0;
		};
/* End PBXFrameworksBuildPhase section */

/* Begin PBXGroup section */
		1E1731C930BF8884D23CB0C3 /* Pods */ = {
			isa = PBXGroup;
			children = (
				1FE7EEDC4186505E742B6354 /* Pods-TechnicalTask.debug.xcconfig */,
				E018A79CCCD1F5502A0813E1 /* Pods-TechnicalTask.release.xcconfig */,
			);
			path = Pods;
			sourceTree = "<group>";
		};
		DA06E9D6ED630704EED5764B /* Frameworks */ = {
			isa = PBXGroup;
			children = (
				B2D05556B84618DFC1FCCA2E /* Pods_TechnicalTask.framework */,
			);
			name = Frameworks;
			sourceTree = "<group>";
		};
		F3101B6D2935051300F8B868 = {
			isa = PBXGroup;
			children = (
				F3101B782935051300F8B868 /* TechnicalTask */,
				F3101B772935051300F8B868 /* Products */,
				1E1731C930BF8884D23CB0C3 /* Pods */,
				DA06E9D6ED630704EED5764B /* Frameworks */,
			);
			sourceTree = "<group>";
		};
		F3101B772935051300F8B868 /* Products */ = {
			isa = PBXGroup;
			children = (
				F3101B762935051300F8B868 /* TechnicalTask.app */,
			);
			name = Products;
			sourceTree = "<group>";
		};
		F3101B782935051300F8B868 /* TechnicalTask */ = {
			isa = PBXGroup;
			children = (
				F3101B792935051300F8B868 /* AppDelegate.swift */,
				F3101B7B2935051300F8B868 /* SceneDelegate.swift */,
				F3101B822935051500F8B868 /* Assets.xcassets */,
				F3859E8A29351A5300E40773 /* Helpers */,
				F3859E842935108000E40773 /* Main */,
				F3859E852935108A00E40773 /* Settings */,
				F36E02922935D60200C6F01D /* SelectCity */,
				F3101B842935051500F8B868 /* LaunchScreen.storyboard */,
				F3859E8D293524ED00E40773 /* cities.json */,
				F3101B872935051500F8B868 /* Info.plist */,
			);
			path = TechnicalTask;
			sourceTree = "<group>";
		};
		F36E02922935D60200C6F01D /* SelectCity */ = {
			isa = PBXGroup;
			children = (
				F36E02952935D62E00C6F01D /* SelectCityView.swift */,
				F363C5AE2935E9D60027C53D /* SelectCityPresenter.swift */,
				F3158C0F2936032500D07BF4 /* SelectCityCell.swift */,
			);
			path = SelectCity;
			sourceTree = "<group>";
		};
		F3859E842935108000E40773 /* Main */ = {
			isa = PBXGroup;
			children = (
				F3101B7D2935051300F8B868 /* MainView.swift */,
				F3859E8F293526DC00E40773 /* MainPresenter.swift */,
			);
			path = Main;
			sourceTree = "<group>";
		};
		F3859E852935108A00E40773 /* Settings */ = {
			isa = PBXGroup;
			children = (
				F3859E86293510A500E40773 /* SettingsView.swift */,
				F3859E882935163D00E40773 /* SettingsPresenter.swift */,
			);
			path = Settings;
			sourceTree = "<group>";
		};
		F3859E8A29351A5300E40773 /* Helpers */ = {
			isa = PBXGroup;
			children = (
				F3859E8B29351A6500E40773 /* LocalMemoryHelper.swift */,
			);
			path = Helpers;
			sourceTree = "<group>";
		};
/* End PBXGroup section */

/* Begin PBXNativeTarget section */
		F3101B752935051300F8B868 /* TechnicalTask */ = {
			isa = PBXNativeTarget;
			buildConfigurationList = F3101B8A2935051500F8B868 /* Build configuration list for PBXNativeTarget "TechnicalTask" */;
			buildPhases = (
				7437759F381B40C7A3454F34 /* [CP] Check Pods Manifest.lock */,
				F3101B722935051300F8B868 /* Sources */,
				F3101B732935051300F8B868 /* Frameworks */,
				F3101B742935051300F8B868 /* Resources */,
				AA882D0D7DE346485D45979E /* [CP] Embed Pods Frameworks */,
			);
			buildRules = (
			);
			dependencies = (
			);
			name = TechnicalTask;
			productName = TechnicalTask;
			productReference = F3101B762935051300F8B868 /* TechnicalTask.app */;
			productType = "com.apple.product-type.application";
		};
/* End PBXNativeTarget section */

/* Begin PBXProject section */
		F3101B6E2935051300F8B868 /* Project object */ = {
			isa = PBXProject;
			attributes = {
				BuildIndependentTargetsInParallel = 1;
				LastSwiftUpdateCheck = 1340;
				LastUpgradeCheck = 1340;
				TargetAttributes = {
					F3101B752935051300F8B868 = {
						CreatedOnToolsVersion = 13.4.1;
					};
				};
			};
			buildConfigurationList = F3101B712935051300F8B868 /* Build configuration list for PBXProject "TechnicalTask" */;
			compatibilityVersion = "Xcode 13.0";
			developmentRegion = en;
			hasScannedForEncodings = 0;
			knownRegions = (
				en,
				Base,
			);
			mainGroup = F3101B6D2935051300F8B868;
			productRefGroup = F3101B772935051300F8B868 /* Products */;
			projectDirPath = "";
			projectRoot = "";
			targets = (
				F3101B752935051300F8B868 /* TechnicalTask */,
			);
		};
/* End PBXProject section */

/* Begin PBXResourcesBuildPhase section */
		F3101B742935051300F8B868 /* Resources */ = {
			isa = PBXResourcesBuildPhase;
			buildActionMask = 2147483647;
			files = (
				F3859E8E293524ED00E40773 /* cities.json in Resources */,
				F3101B862935051500F8B868 /* LaunchScreen.storyboard in Resources */,
				F3101B832935051500F8B868 /* Assets.xcassets in Resources */,
			);
			runOnlyForDeploymentPostprocessing = 0;
		};
/* End PBXResourcesBuildPhase section */

/* Begin PBXShellScriptBuildPhase section */
		7437759F381B40C7A3454F34 /* [CP] Check Pods Manifest.lock */ = {
			isa = PBXShellScriptBuildPhase;
			buildActionMask = 2147483647;
			files = (
			);
			inputFileListPaths = (
			);
			inputPaths = (
				"${PODS_PODFILE_DIR_PATH}/Podfile.lock",
				"${PODS_ROOT}/Manifest.lock",
			);
			name = "[CP] Check Pods Manifest.lock";
			outputFileListPaths = (
			);
			outputPaths = (
				"$(DERIVED_FILE_DIR)/Pods-TechnicalTask-checkManifestLockResult.txt",
			);
			runOnlyForDeploymentPostprocessing = 0;
			shellPath = /bin/sh;
			shellScript = "diff \"${PODS_PODFILE_DIR_PATH}/Podfile.lock\" \"${PODS_ROOT}/Manifest.lock\" > /dev/null\nif [ $? != 0 ] ; then\n    # print error to STDERR\n    echo \"error: The sandbox is not in sync with the Podfile.lock. Run 'pod install' or update your CocoaPods installation.\" >&2\n    exit 1\nfi\n# This output is used by Xcode 'outputs' to avoid re-running this script phase.\necho \"SUCCESS\" > \"${SCRIPT_OUTPUT_FILE_0}\"\n";
			showEnvVarsInLog = 0;
		};
		AA882D0D7DE346485D45979E /* [CP] Embed Pods Frameworks */ = {
			isa = PBXShellScriptBuildPhase;
			buildActionMask = 2147483647;
			files = (
			);
			inputFileListPaths = (
				"${PODS_ROOT}/Target Support Files/Pods-TechnicalTask/Pods-TechnicalTask-frameworks-${CONFIGURATION}-input-files.xcfilelist",
			);
			name = "[CP] Embed Pods Frameworks";
			outputFileListPaths = (
				"${PODS_ROOT}/Target Support Files/Pods-TechnicalTask/Pods-TechnicalTask-frameworks-${CONFIGURATION}-output-files.xcfilelist",
			);
			runOnlyForDeploymentPostprocessing = 0;
			shellPath = /bin/sh;
			shellScript = "\"${PODS_ROOT}/Target Support Files/Pods-TechnicalTask/Pods-TechnicalTask-frameworks.sh\"\n";
			showEnvVarsInLog = 0;
		};
/* End PBXShellScriptBuildPhase section */

/* Begin PBXSourcesBuildPhase section */
		F3101B722935051300F8B868 /* Sources */ = {
			isa = PBXSourcesBuildPhase;
			buildActionMask = 2147483647;
			files = (
				F3101B7E2935051300F8B868 /* MainView.swift in Sources */,
				F3859E87293510A500E40773 /* SettingsView.swift in Sources */,
				F3158C102936032500D07BF4 /* SelectCityCell.swift in Sources */,
				F3859E8C29351A6500E40773 /* LocalMemoryHelper.swift in Sources */,
				F36E02962935D62E00C6F01D /* SelectCityView.swift in Sources */,
				F3101B7A2935051300F8B868 /* AppDelegate.swift in Sources */,
				F363C5AF2935E9D60027C53D /* SelectCityPresenter.swift in Sources */,
				F3101B7C2935051300F8B868 /* SceneDelegate.swift in Sources */,
				F3859E90293526DC00E40773 /* MainPresenter.swift in Sources */,
				F3859E892935163D00E40773 /* SettingsPresenter.swift in Sources */,
			);
			runOnlyForDeploymentPostprocessing = 0;
		};
/* End PBXSourcesBuildPhase section */

/* Begin PBXVariantGroup section */
		F3101B842935051500F8B868 /* LaunchScreen.storyboard */ = {
			isa = PBXVariantGroup;
			children = (
				F3101B852935051500F8B868 /* Base */,
			);
			name = LaunchScreen.storyboard;
			sourceTree = "<group>";
		};
/* End PBXVariantGroup section */

/* Begin XCBuildConfiguration section */
		F3101B882935051500F8B868 /* Debug */ = {
			isa = XCBuildConfiguration;
			buildSettings = {
				ALWAYS_SEARCH_USER_PATHS = NO;
				CLANG_ANALYZER_NONNULL = YES;
				CLANG_ANALYZER_NUMBER_OBJECT_CONVERSION = YES_AGGRESSIVE;
				CLANG_CXX_LANGUAGE_STANDARD = "gnu++17";
				CLANG_ENABLE_MODULES = YES;
				CLANG_ENABLE_OBJC_ARC = YES;
				CLANG_ENABLE_OBJC_WEAK = YES;
				CLANG_WARN_BLOCK_CAPTURE_AUTORELEASING = YES;
				CLANG_WARN_BOOL_CONVERSION = YES;
				CLANG_WARN_COMMA = YES;
				CLANG_WARN_CONSTANT_CONVERSION = YES;
				CLANG_WARN_DEPRECATED_OBJC_IMPLEMENTATIONS = YES;
				CLANG_WARN_DIRECT_OBJC_ISA_USAGE = YES_ERROR;
				CLANG_WARN_DOCUMENTATION_COMMENTS = YES;
				CLANG_WARN_EMPTY_BODY = YES;
				CLANG_WARN_ENUM_CONVERSION = YES;
				CLANG_WARN_INFINITE_RECURSION = YES;
				CLANG_WARN_INT_CONVERSION = YES;
				CLANG_WARN_NON_LITERAL_NULL_CONVERSION = YES;
				CLANG_WARN_OBJC_IMPLICIT_RETAIN_SELF = YES;
				CLANG_WARN_OBJC_LITERAL_CONVERSION = YES;
				CLANG_WARN_OBJC_ROOT_CLASS = YES_ERROR;
				CLANG_WARN_QUOTED_INCLUDE_IN_FRAMEWORK_HEADER = YES;
				CLANG_WARN_RANGE_LOOP_ANALYSIS = YES;
				CLANG_WARN_STRICT_PROTOTYPES = YES;
				CLANG_WARN_SUSPICIOUS_MOVE = YES;
				CLANG_WARN_UNGUARDED_AVAILABILITY = YES_AGGRESSIVE;
				CLANG_WARN_UNREACHABLE_CODE = YES;
				CLANG_WARN__DUPLICATE_METHOD_MATCH = YES;
				COPY_PHASE_STRIP = NO;
				DEBUG_INFORMATION_FORMAT = dwarf;
				ENABLE_STRICT_OBJC_MSGSEND = YES;
				ENABLE_TESTABILITY = YES;
				GCC_C_LANGUAGE_STANDARD = gnu11;
				GCC_DYNAMIC_NO_PIC = NO;
				GCC_NO_COMMON_BLOCKS = YES;
				GCC_OPTIMIZATION_LEVEL = 0;
				GCC_PREPROCESSOR_DEFINITIONS = (
					"DEBUG=1",
					"$(inherited)",
				);
				GCC_WARN_64_TO_32_BIT_CONVERSION = YES;
				GCC_WARN_ABOUT_RETURN_TYPE = YES_ERROR;
				GCC_WARN_UNDECLARED_SELECTOR = YES;
				GCC_WARN_UNINITIALIZED_AUTOS = YES_AGGRESSIVE;
				GCC_WARN_UNUSED_FUNCTION = YES;
				GCC_WARN_UNUSED_VARIABLE = YES;
				IPHONEOS_DEPLOYMENT_TARGET = 15.5;
				MTL_ENABLE_DEBUG_INFO = INCLUDE_SOURCE;
				MTL_FAST_MATH = YES;
				ONLY_ACTIVE_ARCH = YES;
				SDKROOT = iphoneos;
				SWIFT_ACTIVE_COMPILATION_CONDITIONS = DEBUG;
				SWIFT_OPTIMIZATION_LEVEL = "-Onone";
			};
			name = Debug;
		};
		F3101B892935051500F8B868 /* Release */ = {
			isa = XCBuildConfiguration;
			buildSettings = {
				ALWAYS_SEARCH_USER_PATHS = NO;
				CLANG_ANALYZER_NONNULL = YES;
				CLANG_ANALYZER_NUMBER_OBJECT_CONVERSION = YES_AGGRESSIVE;
				CLANG_CXX_LANGUAGE_STANDARD = "gnu++17";
				CLANG_ENABLE_MODULES = YES;
				CLANG_ENABLE_OBJC_ARC = YES;
				CLANG_ENABLE_OBJC_WEAK = YES;
				CLANG_WARN_BLOCK_CAPTURE_AUTORELEASING = YES;
				CLANG_WARN_BOOL_CONVERSION = YES;
				CLANG_WARN_COMMA = YES;
				CLANG_WARN_CONSTANT_CONVERSION = YES;
				CLANG_WARN_DEPRECATED_OBJC_IMPLEMENTATIONS = YES;
				CLANG_WARN_DIRECT_OBJC_ISA_USAGE = YES_ERROR;
				CLANG_WARN_DOCUMENTATION_COMMENTS = YES;
				CLANG_WARN_EMPTY_BODY = YES;
				CLANG_WARN_ENUM_CONVERSION = YES;
				CLANG_WARN_INFINITE_RECURSION = YES;
				CLANG_WARN_INT_CONVERSION = YES;
				CLANG_WARN_NON_LITERAL_NULL_CONVERSION = YES;
				CLANG_WARN_OBJC_IMPLICIT_RETAIN_SELF = YES;
				CLANG_WARN_OBJC_LITERAL_CONVERSION = YES;
				CLANG_WARN_OBJC_ROOT_CLASS = YES_ERROR;
				CLANG_WARN_QUOTED_INCLUDE_IN_FRAMEWORK_HEADER = YES;
				CLANG_WARN_RANGE_LOOP_ANALYSIS = YES;
				CLANG_WARN_STRICT_PROTOTYPES = YES;
				CLANG_WARN_SUSPICIOUS_MOVE = YES;
				CLANG_WARN_UNGUARDED_AVAILABILITY = YES_AGGRESSIVE;
				CLANG_WARN_UNREACHABLE_CODE = YES;
				CLANG_WARN__DUPLICATE_METHOD_MATCH = YES;
				COPY_PHASE_STRIP = NO;
				DEBUG_INFORMATION_FORMAT = "dwarf-with-dsym";
				ENABLE_NS_ASSERTIONS = NO;
				ENABLE_STRICT_OBJC_MSGSEND = YES;
				GCC_C_LANGUAGE_STANDARD = gnu11;
				GCC_NO_COMMON_BLOCKS = YES;
				GCC_WARN_64_TO_32_BIT_CONVERSION = YES;
				GCC_WARN_ABOUT_RETURN_TYPE = YES_ERROR;
				GCC_WARN_UNDECLARED_SELECTOR = YES;
				GCC_WARN_UNINITIALIZED_AUTOS = YES_AGGRESSIVE;
				GCC_WARN_UNUSED_FUNCTION = YES;
				GCC_WARN_UNUSED_VARIABLE = YES;
				IPHONEOS_DEPLOYMENT_TARGET = 15.5;
				MTL_ENABLE_DEBUG_INFO = NO;
				MTL_FAST_MATH = YES;
				SDKROOT = iphoneos;
				SWIFT_COMPILATION_MODE = wholemodule;
				SWIFT_OPTIMIZATION_LEVEL = "-O";
				VALIDATE_PRODUCT = YES;
			};
			name = Release;
		};
		F3101B8B2935051500F8B868 /* Debug */ = {
			isa = XCBuildConfiguration;
			baseConfigurationReference = 1FE7EEDC4186505E742B6354 /* Pods-TechnicalTask.debug.xcconfig */;
			buildSettings = {
				ASSETCATALOG_COMPILER_APPICON_NAME = AppIcon;
				ASSETCATALOG_COMPILER_GLOBAL_ACCENT_COLOR_NAME = AccentColor;
				CODE_SIGN_STYLE = Automatic;
				CURRENT_PROJECT_VERSION = 1;
				DEVELOPMENT_TEAM = RBRFGT8CHB;
				GENERATE_INFOPLIST_FILE = YES;
				INFOPLIST_FILE = TechnicalTask/Info.plist;
				INFOPLIST_KEY_UIApplicationSupportsIndirectInputEvents = YES;
				INFOPLIST_KEY_UILaunchStoryboardName = LaunchScreen;
				INFOPLIST_KEY_UIMainStoryboardFile = "";
				INFOPLIST_KEY_UISupportedInterfaceOrientations_iPad = "UIInterfaceOrientationPortrait UIInterfaceOrientationPortraitUpsideDown UIInterfaceOrientationLandscapeLeft UIInterfaceOrientationLandscapeRight";
				INFOPLIST_KEY_UISupportedInterfaceOrientations_iPhone = "UIInterfaceOrientationPortrait UIInterfaceOrientationLandscapeLeft UIInterfaceOrientationLandscapeRight";
				LD_RUNPATH_SEARCH_PATHS = (
					"$(inherited)",
					"@executable_path/Frameworks",
				);
				MARKETING_VERSION = 1.0;
				PRODUCT_BUNDLE_IDENTIFIER = Daniil.TechnicalTask;
				PRODUCT_NAME = "$(TARGET_NAME)";
				SWIFT_EMIT_LOC_STRINGS = YES;
				SWIFT_VERSION = 5.0;
				TARGETED_DEVICE_FAMILY = "1,2";
			};
			name = Debug;
		};
		F3101B8C2935051500F8B868 /* Release */ = {
			isa = XCBuildConfiguration;
			baseConfigurationReference = E018A79CCCD1F5502A0813E1 /* Pods-TechnicalTask.release.xcconfig */;
			buildSettings = {
				ASSETCATALOG_COMPILER_APPICON_NAME = AppIcon;
				ASSETCATALOG_COMPILER_GLOBAL_ACCENT_COLOR_NAME = AccentColor;
				CODE_SIGN_STYLE = Automatic;
				CURRENT_PROJECT_VERSION = 1;
				DEVELOPMENT_TEAM = RBRFGT8CHB;
				GENERATE_INFOPLIST_FILE = YES;
				INFOPLIST_FILE = TechnicalTask/Info.plist;
				INFOPLIST_KEY_UIApplicationSupportsIndirectInputEvents = YES;
				INFOPLIST_KEY_UILaunchStoryboardName = LaunchScreen;
				INFOPLIST_KEY_UIMainStoryboardFile = "";
				INFOPLIST_KEY_UISupportedInterfaceOrientations_iPad = "UIInterfaceOrientationPortrait UIInterfaceOrientationPortraitUpsideDown UIInterfaceOrientationLandscapeLeft UIInterfaceOrientationLandscapeRight";
				INFOPLIST_KEY_UISupportedInterfaceOrientations_iPhone = "UIInterfaceOrientationPortrait UIInterfaceOrientationLandscapeLeft UIInterfaceOrientationLandscapeRight";
				LD_RUNPATH_SEARCH_PATHS = (
					"$(inherited)",
					"@executable_path/Frameworks",
				);
				MARKETING_VERSION = 1.0;
				PRODUCT_BUNDLE_IDENTIFIER = Daniil.TechnicalTask;
				PRODUCT_NAME = "$(TARGET_NAME)";
				SWIFT_EMIT_LOC_STRINGS = YES;
				SWIFT_VERSION = 5.0;
				TARGETED_DEVICE_FAMILY = "1,2";
			};
			name = Release;
		};
/* End XCBuildConfiguration section */

/* Begin XCConfigurationList section */
		F3101B712935051300F8B868 /* Build configuration list for PBXProject "TechnicalTask" */ = {
			isa = XCConfigurationList;
			buildConfigurations = (
				F3101B882935051500F8B868 /* Debug */,
				F3101B892935051500F8B868 /* Release */,
			);
			defaultConfigurationIsVisible = 0;
			defaultConfigurationName = Release;
		};
		F3101B8A2935051500F8B868 /* Build configuration list for PBXNativeTarget "TechnicalTask" */ = {
			isa = XCConfigurationList;
			buildConfigurations = (
				F3101B8B2935051500F8B868 /* Debug */,
				F3101B8C2935051500F8B868 /* Release */,
			);
			defaultConfigurationIsVisible = 0;
			defaultConfigurationName = Release;
		};
/* End XCConfigurationList section */
	};
	rootObject = F3101B6E2935051300F8B868 /* Project object */;
}
